schema: '2.0'
stages:
  make_dataset:
    cmd: python .\src\data\make_dataset.py .\data\raw\creditcard.csv
    deps:
    - path: .\data\raw\creditcard.csv
      hash: md5
      md5: e90efcb83d69faf99fcab8b0255024de
      size: 150828752
    - path: .\src\data\make_dataset.py
      hash: md5
      md5: 5d87ea0853101b748b17af0be510c2ac
      size: 1314
    params:
      params.yaml:
        make_dataset.seed: 2023
        make_dataset.test_split: 0.3
    outs:
    - path: .\data\processed\
      hash: md5
      md5: 2d01ad8a37e259a91ddf41353aa07bcd.dir
      size: 151102527
      nfiles: 2
  train_model:
    cmd: python .\src\models\train_model.py .\data\processed\
    deps:
    - path: .\data\processed\
      hash: md5
      md5: 2d01ad8a37e259a91ddf41353aa07bcd.dir
      size: 151102527
      nfiles: 2
    - path: .\src\models\train_model.py
      hash: md5
      md5: c9cc035cc5e3fa4724c378d315465a6d
      size: 1360
    outs:
    - path: .\models\
      hash: md5
      md5: 81ff52e09675f111633700003cbb2df4.dir
      size: 378617
      nfiles: 1
  visualize:
    cmd: python .\src\visualization\visualize.py .\models\model.joblib .\data\processed\
    deps:
    - path: .\data\processed\
      hash: md5
      md5: 2d01ad8a37e259a91ddf41353aa07bcd.dir
      size: 151102527
      nfiles: 2
    - path: .\models\model.joblib
      hash: md5
      md5: aee4133bee6205a497cf0aff554d6c7a
      size: 378617
    - path: .\src\visualization\visualize.py
      hash: md5
      md5: a209871eed2ee5024665fe899089362a
      size: 3681
    outs:
    - path: dvclive
      hash: md5
      md5: ab0f1f5f7034a8a8393addf2a835a5be.dir
      size: 21085434
      nfiles: 8
