schema: '2.0'
stages:
  make_dataset:
    cmd: python .\src\data\make_dataset.py .\data\raw\creditcard.csv
    deps:
    - path: .\data\raw\creditcard.csv
      hash: md5
      md5: e90efcb83d69faf99fcab8b0255024de
      size: 150828752
    - path: .\src\data\make_dataset.py
      hash: md5
      md5: 5d87ea0853101b748b17af0be510c2ac
      size: 1314
    params:
      params.yaml:
        make_dataset.seed: 2023
        make_dataset.test_split: 0.4
    outs:
    - path: .\data\processed\
      hash: md5
      md5: 0a8b92ec80dc2bc2f5b3f2e91dee1486.dir
      size: 151102527
      nfiles: 2
  train_model:
    cmd: python .\src\models\train_model.py .\data\processed\
    deps:
    - path: .\data\processed\
      hash: md5
      md5: 0a8b92ec80dc2bc2f5b3f2e91dee1486.dir
      size: 151102527
      nfiles: 2
    - path: .\src\models\train_model.py
      hash: md5
      md5: c9cc035cc5e3fa4724c378d315465a6d
      size: 1360
    outs:
    - path: .\models\
      hash: md5
      md5: c7a5a280062d7d7e4c0bf4cb7890a632.dir
      size: 707417
      nfiles: 1
  visualize:
    cmd: python .\src\visualization\visualize.py .\models\model.joblib .\data\processed\
    deps:
    - path: .\data\processed\
      hash: md5
      md5: 0a8b92ec80dc2bc2f5b3f2e91dee1486.dir
      size: 151102527
      nfiles: 2
    - path: .\models\model.joblib
      hash: md5
      md5: 39b80d11d5eb76341cd156a4a2b75114
      size: 707417
    - path: .\src\visualization\visualize.py
      hash: md5
      md5: a209871eed2ee5024665fe899089362a
      size: 3681
    outs:
    - path: dvclive
      hash: md5
      md5: 4da000f31ca7a919b059f05ef52b8400.dir
      size: 22248442
      nfiles: 8
